
Microsoft Visual Studio Solution File, Format Version 12.00
# Visual Studio 2015
Project("{FAE04EC0-301F-11D3-BF4B-00C04F79EFBC}") = "IAJ Project 1.CSharp", "IAJ Project 1.CSharp.csproj", "{A010B84D-01AC-175D-8484-33F82A527912}"
EndProject
Project("{FAE04EC0-301F-11D3-BF4B-00C04F79EFBC}") = "IAJ Project 1.CSharp.Editor", "IAJ Project 1.CSharp.Editor.csproj", "{AEC3D6A3-5450-B88B-8CDC-DE98D1B11BF7}"
EndProject
Global
	GlobalSection(SolutionConfigurationPlatforms) = preSolution
		Debug|Any CPU = Debug|Any CPU
		Release|Any CPU = Release|Any CPU
	EndGlobalSection
	GlobalSection(ProjectConfigurationPlatforms) = postSolution
		{A010B84D-01AC-175D-8484-33F82A527912}.Debug|Any CPU.ActiveCfg = Debug|Any CPU
		{A010B84D-01AC-175D-8484-33F82A527912}.Debug|Any CPU.Build.0 = Debug|Any CPU
		{A010B84D-01AC-175D-8484-33F82A527912}.Release|Any CPU.ActiveCfg = Release|Any CPU
		{A010B84D-01AC-175D-8484-33F82A527912}.Release|Any CPU.Build.0 = Release|Any CPU
		{AEC3D6A3-5450-B88B-8CDC-DE98D1B11BF7}.Debug|Any CPU.ActiveCfg = Debug|Any CPU
		{AEC3D6A3-5450-B88B-8CDC-DE98D1B11BF7}.Debug|Any CPU.Build.0 = Debug|Any CPU
		{AEC3D6A3-5450-B88B-8CDC-DE98D1B11BF7}.Release|Any CPU.ActiveCfg = Release|Any CPU
		{AEC3D6A3-5450-B88B-8CDC-DE98D1B11BF7}.Release|Any CPU.Build.0 = Release|Any CPU
	EndGlobalSection
	GlobalSection(SolutionProperties) = preSolution
		HideSolutionNode = FALSE
	EndGlobalSection
EndGlobal
